<?xml version="1.0" encoding="utf-8"?>
<Project ToolsVersion="4.0" xmlns="http://schemas.microsoft.com/developer/msbuild/2003">
  <ItemGroup>
    <ClCompile Include="src\libs.cc" />
    <ClCompile Include="src\xavm.cpp" />
    <ClCompile Include="src\lang\Parser.cpp" />
    <ClCompile Include="src\lang\Scanner.cpp" />
    <ClCompile Include="src\lang\Code.cpp" />
  </ItemGroup>
  <ItemGroup>
    <Filter Include="xalang">
      <UniqueIdentifier>{47f2db88-f665-4fa2-8f9c-474ef0892246}</UniqueIdentifier>
    </Filter>
  </ItemGroup>
  <ItemGroup>
    <ClInclude Include="src\lang\Parser.h" />
    <ClInclude Include="src\lang\Scanner.h" />
    <ClInclude Include="src\lang\Code.h" />
  </ItemGroup>
  <ItemGroup>
    <None Include="sample.xalang" />
  </ItemGroup>
</Project>